schema: '2.0'
stages:
  test-dvclive:
    cmd: python test_live_metrics.py
    params:
      params.yaml:
        epochs: 15
        trigger: 1
    outs:
    - path: dvclive/metrics.json
      md5: 2116fdb3ce0e3c8ff5b36c69ccb50954
      size: 80
    - path: dvclive/plots
      md5: 3fda9668686d7a06231bf906f4b9499e.dir
      size: 639
      nfiles: 2
