schema: '2.0'
stages:
  test-dvclive:
    cmd: python test_live_metrics.py
    params:
      params.yaml:
        epochs: 5
        trigger: 1
    outs:
    - path: dvclive/metrics.json
      md5: 589680c59c4354e5834b392864de3190
      size: 77
    - path: dvclive/plots
      md5: 5a21b03c7c574d46244f061457f04991.dir
      size: 224
      nfiles: 2
